
Microsoft Visual Studio Solution File, Format Version 12.00
# Visual Studio Version 16
VisualStudioVersion = 16.0.34031.81
MinimumVisualStudioVersion = 10.0.40219.1
Project("{FAE04EC0-301F-11D3-BF4B-00C04F79EFBC}") = "Numismatica", "Numismatica.csproj", "{98448A0E-4FC0-49CC-A2A7-8A5A193BC4EA}"
EndProject
Global
	GlobalSection(SolutionConfigurationPlatforms) = preSolution
		Debug|Any CPU = Debug|Any CPU
		Release|Any CPU = Release|Any CPU
	EndGlobalSection
	GlobalSection(ProjectConfigurationPlatforms) = postSolution
		{98448A0E-4FC0-49CC-A2A7-8A5A193BC4EA}.Debug|Any CPU.ActiveCfg = Debug|Any CPU
		{98448A0E-4FC0-49CC-A2A7-8A5A193BC4EA}.Debug|Any CPU.Build.0 = Debug|Any CPU
		{98448A0E-4FC0-49CC-A2A7-8A5A193BC4EA}.Release|Any CPU.ActiveCfg = Release|Any CPU
		{98448A0E-4FC0-49CC-A2A7-8A5A193BC4EA}.Release|Any CPU.Build.0 = Release|Any CPU
	EndGlobalSection
	GlobalSection(SolutionProperties) = preSolution
		HideSolutionNode = FALSE
	EndGlobalSection
	GlobalSection(ExtensibilityGlobals) = postSolution
		SolutionGuid = {D3E1CAFF-1817-4A2D-BB37-6F6B5FAB78F8}
	EndGlobalSection
EndGlobal
